
Microsoft Visual Studio Solution File, Format Version 12.00
# Visual Studio 14
VisualStudioVersion = 14.0.25420.1
MinimumVisualStudioVersion = 10.0.40219.1
Project("{FAE04EC0-301F-11D3-BF4B-00C04F79EFBC}") = "Familyheart", "Familyheart\Familyheart.csproj", "{8031D1FC-95E9-44A1-802F-31B76CDC2A34}"
EndProject
Project("{FAE04EC0-301F-11D3-BF4B-00C04F79EFBC}") = "Familyheart_DX11", "Familyheart_DX11\Familyheart_DX11.csproj", "{26ABDCA4-7208-4D8E-B207-3DE3E9110DF2}"
EndProject
Project("{FAE04EC0-301F-11D3-BF4B-00C04F79EFBC}") = "FamilyHeart Map Builder", "FamilyHeart Map Builder\FamilyHeart Map Builder.csproj", "{1ED1D87C-47D9-4ABB-B477-1C676901AB9A}"
EndProject
Project("{8BC9CEB8-8B4A-11D0-8D11-00A0C91BC942}") = "FamilyheartMethodTotallyNormalNotEncode", "FamilyheartMethodTotallyNormalNotEncode\FamilyheartMethodTotallyNormalNotEncode.vcxproj", "{84C07FBE-32E4-4350-A7F7-5FDE4CFFBD40}"
EndProject
Global
	GlobalSection(SolutionConfigurationPlatforms) = preSolution
		Builder|Any CPU = Builder|Any CPU
		Builder|x64 = Builder|x64
		Builder|x86 = Builder|x86
		Debug|Any CPU = Debug|Any CPU
		Debug|x64 = Debug|x64
		Debug|x86 = Debug|x86
		Release|Any CPU = Release|Any CPU
		Release|x64 = Release|x64
		Release|x86 = Release|x86
	EndGlobalSection
	GlobalSection(ProjectConfigurationPlatforms) = postSolution
		{8031D1FC-95E9-44A1-802F-31B76CDC2A34}.Builder|Any CPU.ActiveCfg = Builder|x86
		{8031D1FC-95E9-44A1-802F-31B76CDC2A34}.Builder|x64.ActiveCfg = Builder|x86
		{8031D1FC-95E9-44A1-802F-31B76CDC2A34}.Builder|x86.ActiveCfg = Debug|x86
		{8031D1FC-95E9-44A1-802F-31B76CDC2A34}.Builder|x86.Build.0 = Debug|x86
		{8031D1FC-95E9-44A1-802F-31B76CDC2A34}.Debug|Any CPU.ActiveCfg = Debug|x86
		{8031D1FC-95E9-44A1-802F-31B76CDC2A34}.Debug|x64.ActiveCfg = Debug|x86
		{8031D1FC-95E9-44A1-802F-31B76CDC2A34}.Debug|x86.ActiveCfg = Debug|x86
		{8031D1FC-95E9-44A1-802F-31B76CDC2A34}.Debug|x86.Build.0 = Debug|x86
		{8031D1FC-95E9-44A1-802F-31B76CDC2A34}.Release|Any CPU.ActiveCfg = Release|x86
		{8031D1FC-95E9-44A1-802F-31B76CDC2A34}.Release|x64.ActiveCfg = Release|x86
		{8031D1FC-95E9-44A1-802F-31B76CDC2A34}.Release|x86.ActiveCfg = Release|x86
		{8031D1FC-95E9-44A1-802F-31B76CDC2A34}.Release|x86.Build.0 = Release|x86
		{26ABDCA4-7208-4D8E-B207-3DE3E9110DF2}.Builder|Any CPU.ActiveCfg = Builder|Any CPU
		{26ABDCA4-7208-4D8E-B207-3DE3E9110DF2}.Builder|Any CPU.Build.0 = Builder|Any CPU
		{26ABDCA4-7208-4D8E-B207-3DE3E9110DF2}.Builder|x64.ActiveCfg = Builder|Any CPU
		{26ABDCA4-7208-4D8E-B207-3DE3E9110DF2}.Builder|x64.Build.0 = Builder|Any CPU
		{26ABDCA4-7208-4D8E-B207-3DE3E9110DF2}.Builder|x86.ActiveCfg = Debug|Any CPU
		{26ABDCA4-7208-4D8E-B207-3DE3E9110DF2}.Builder|x86.Build.0 = Debug|Any CPU
		{26ABDCA4-7208-4D8E-B207-3DE3E9110DF2}.Debug|Any CPU.ActiveCfg = Debug|Any CPU
		{26ABDCA4-7208-4D8E-B207-3DE3E9110DF2}.Debug|Any CPU.Build.0 = Debug|Any CPU
		{26ABDCA4-7208-4D8E-B207-3DE3E9110DF2}.Debug|x64.ActiveCfg = Debug|Any CPU
		{26ABDCA4-7208-4D8E-B207-3DE3E9110DF2}.Debug|x64.Build.0 = Debug|Any CPU
		{26ABDCA4-7208-4D8E-B207-3DE3E9110DF2}.Debug|x86.ActiveCfg = Debug|Any CPU
		{26ABDCA4-7208-4D8E-B207-3DE3E9110DF2}.Debug|x86.Build.0 = Debug|Any CPU
		{26ABDCA4-7208-4D8E-B207-3DE3E9110DF2}.Release|Any CPU.ActiveCfg = Release|Any CPU
		{26ABDCA4-7208-4D8E-B207-3DE3E9110DF2}.Release|Any CPU.Build.0 = Release|Any CPU
		{26ABDCA4-7208-4D8E-B207-3DE3E9110DF2}.Release|x64.ActiveCfg = Release|Any CPU
		{26ABDCA4-7208-4D8E-B207-3DE3E9110DF2}.Release|x64.Build.0 = Release|Any CPU
		{26ABDCA4-7208-4D8E-B207-3DE3E9110DF2}.Release|x86.ActiveCfg = Release|Any CPU
		{26ABDCA4-7208-4D8E-B207-3DE3E9110DF2}.Release|x86.Build.0 = Release|Any CPU
		{1ED1D87C-47D9-4ABB-B477-1C676901AB9A}.Builder|Any CPU.ActiveCfg = Builder|Any CPU
		{1ED1D87C-47D9-4ABB-B477-1C676901AB9A}.Builder|Any CPU.Build.0 = Builder|Any CPU
		{1ED1D87C-47D9-4ABB-B477-1C676901AB9A}.Builder|x64.ActiveCfg = Builder|Any CPU
		{1ED1D87C-47D9-4ABB-B477-1C676901AB9A}.Builder|x64.Build.0 = Builder|Any CPU
		{1ED1D87C-47D9-4ABB-B477-1C676901AB9A}.Builder|x86.ActiveCfg = Builder|Any CPU
		{1ED1D87C-47D9-4ABB-B477-1C676901AB9A}.Builder|x86.Build.0 = Builder|Any CPU
		{1ED1D87C-47D9-4ABB-B477-1C676901AB9A}.Debug|Any CPU.ActiveCfg = Debug|Any CPU
		{1ED1D87C-47D9-4ABB-B477-1C676901AB9A}.Debug|Any CPU.Build.0 = Debug|Any CPU
		{1ED1D87C-47D9-4ABB-B477-1C676901AB9A}.Debug|x64.ActiveCfg = Debug|Any CPU
		{1ED1D87C-47D9-4ABB-B477-1C676901AB9A}.Debug|x64.Build.0 = Debug|Any CPU
		{1ED1D87C-47D9-4ABB-B477-1C676901AB9A}.Debug|x86.ActiveCfg = Builder|Any CPU
		{1ED1D87C-47D9-4ABB-B477-1C676901AB9A}.Debug|x86.Build.0 = Builder|Any CPU
		{1ED1D87C-47D9-4ABB-B477-1C676901AB9A}.Release|Any CPU.ActiveCfg = Release|Any CPU
		{1ED1D87C-47D9-4ABB-B477-1C676901AB9A}.Release|Any CPU.Build.0 = Release|Any CPU
		{1ED1D87C-47D9-4ABB-B477-1C676901AB9A}.Release|x64.ActiveCfg = Release|Any CPU
		{1ED1D87C-47D9-4ABB-B477-1C676901AB9A}.Release|x64.Build.0 = Release|Any CPU
		{1ED1D87C-47D9-4ABB-B477-1C676901AB9A}.Release|x86.ActiveCfg = Release|Any CPU
		{1ED1D87C-47D9-4ABB-B477-1C676901AB9A}.Release|x86.Build.0 = Release|Any CPU
		{84C07FBE-32E4-4350-A7F7-5FDE4CFFBD40}.Builder|Any CPU.ActiveCfg = Release|x64
		{84C07FBE-32E4-4350-A7F7-5FDE4CFFBD40}.Builder|Any CPU.Build.0 = Release|x64
		{84C07FBE-32E4-4350-A7F7-5FDE4CFFBD40}.Builder|x64.ActiveCfg = Release|x64
		{84C07FBE-32E4-4350-A7F7-5FDE4CFFBD40}.Builder|x64.Build.0 = Release|x64
		{84C07FBE-32E4-4350-A7F7-5FDE4CFFBD40}.Builder|x86.ActiveCfg = Release|Win32
		{84C07FBE-32E4-4350-A7F7-5FDE4CFFBD40}.Builder|x86.Build.0 = Release|Win32
		{84C07FBE-32E4-4350-A7F7-5FDE4CFFBD40}.Debug|Any CPU.ActiveCfg = Debug|Win32
		{84C07FBE-32E4-4350-A7F7-5FDE4CFFBD40}.Debug|x64.ActiveCfg = Debug|x64
		{84C07FBE-32E4-4350-A7F7-5FDE4CFFBD40}.Debug|x64.Build.0 = Debug|x64
		{84C07FBE-32E4-4350-A7F7-5FDE4CFFBD40}.Debug|x86.ActiveCfg = Debug|Win32
		{84C07FBE-32E4-4350-A7F7-5FDE4CFFBD40}.Debug|x86.Build.0 = Debug|Win32
		{84C07FBE-32E4-4350-A7F7-5FDE4CFFBD40}.Release|Any CPU.ActiveCfg = Release|Win32
		{84C07FBE-32E4-4350-A7F7-5FDE4CFFBD40}.Release|x64.ActiveCfg = Release|x64
		{84C07FBE-32E4-4350-A7F7-5FDE4CFFBD40}.Release|x64.Build.0 = Release|x64
		{84C07FBE-32E4-4350-A7F7-5FDE4CFFBD40}.Release|x86.ActiveCfg = Release|Win32
		{84C07FBE-32E4-4350-A7F7-5FDE4CFFBD40}.Release|x86.Build.0 = Release|Win32
	EndGlobalSection
	GlobalSection(SolutionProperties) = preSolution
		HideSolutionNode = FALSE
	EndGlobalSection
EndGlobal
